# THIS IS AN AUTOGENERATED FILE. DO NOT EDIT THIS FILE DIRECTLY.
# yarn lockfile v1


axios@^0.19.2:
  version "0.19.2"
  resolved "https://registry.yarnpkg.com/axios/-/axios-0.19.2.tgz#3ea36c5d8818d0d5f8a8a97a6d36b86cdc00cb27"
  integrity sha512-fjgm5MvRHLhx+osE2xoekY70AhARk3a6hkN+3Io1jc00jtquGvxYlKlsFUhmUET0V5te6CcZI7lcv2Ym61mjHA==
  dependencies:
    follow-redirects "1.5.10"

core-js@^3.6.4:
  version "3.6.5"
  resolved "https://registry.yarnpkg.com/core-js/-/core-js-3.6.5.tgz#7395dc273af37fb2e50e9bd3d9fe841285231d1a"
  integrity sha512-vZVEEwZoIsI+vPEuoF9Iqf5H7/M3eeQqWlQnYa8FSKKePuYTf5MWnxb5SDAzCa60b3JBRS5g9b+Dq7b1y/RCrA==

debug@=3.1.0:
  version "3.1.0"
  resolved "https://registry.yarnpkg.com/debug/-/debug-3.1.0.tgz#5bb5a0672628b64149566ba16819e61518c67261"
  integrity sha512-OX8XqP7/1a9cqkxYw2yXss15f26NKWBpDXQd0/uK/KPqdQhxbPa994hnzjcE2VqQpDslf55723cKPUOGSmMY3g==
  dependencies:
    ms "2.0.0"

follow-redirects@1.5.10:
  version "1.5.10"
  resolved "https://registry.yarnpkg.com/follow-redirects/-/follow-redirects-1.5.10.tgz#7b7a9f9aea2fdff36786a94ff643ed07f4ff5e2a"
  integrity sha512-0V5l4Cizzvqt5D44aTXbFZz+FtyXV1vrDN6qrelxtfYQKW0KO0W2T/hkE8xvGa/540LkZlkaUjO4ailYTFtHVQ==
  dependencies:
    debug "=3.1.0"

is@^3.2.1:
  version "3.3.0"
  resolved "https://registry.yarnpkg.com/is/-/is-3.3.0.tgz#61cff6dd3c4193db94a3d62582072b44e5645d79"
  integrity sha512-nW24QBoPcFGGHJGUwnfpI7Yc5CdqWNdsyHQszVE/z2pKHXzh7FZ5GWhJqSyaQ9wMkQnsTx+kAI8bHlCX4tKdbg==

ms@2.0.0:
  version "2.0.0"
  resolved "https://registry.yarnpkg.com/ms/-/ms-2.0.0.tgz#5608aeadfc00be6c2901df5f9861788de0d597c8"
  integrity sha1-VgiurfwAvmwpAd9fmGF4jeDVl8g=

portal-vue@^2.1.7:
  version "2.1.7"
  resolved "https://registry.yarnpkg.com/portal-vue/-/portal-vue-2.1.7.tgz#ea08069b25b640ca08a5b86f67c612f15f4e4ad4"
  integrity sha512-+yCno2oB3xA7irTt0EU5Ezw22L2J51uKAacE/6hMPMoO/mx3h4rXFkkBkT4GFsMDv/vEe8TNKC3ujJJ0PTwb6g==

vue-i18n@^7.3.2:
  version "7.8.1"
  resolved "https://registry.yarnpkg.com/vue-i18n/-/vue-i18n-7.8.1.tgz#2ce4b6efde679a1e05ddb5d907bfc1bc218803b2"
  integrity sha512-BzB+EAPo/iFyFn/GXd/qVdDe67jfk+gmQaWUKD5BANhUclGrFxzRExzW2pYEAbhNm2pg0F12Oo+gL2IMLDcTAw==

vue-router@^3.4.3:
  version "3.4.3"
  resolved "https://registry.yarnpkg.com/vue-router/-/vue-router-3.4.3.tgz#fa93768616ee338aa174f160ac965167fa572ffa"
  integrity sha512-BADg1mjGWX18Dpmy6bOGzGNnk7B/ZA0RxuA6qedY/YJwirMfKXIDzcccmHbQI0A6k5PzMdMloc0ElHfyOoX35A==

vue@^2.6.11:
  version "2.6.11"
  resolved "https://registry.yarnpkg.com/vue/-/vue-2.6.11.tgz#76594d877d4b12234406e84e35275c6d514125c5"
  integrity sha512-VfPwgcGABbGAue9+sfrD4PuwFar7gPb1yl1UK1MwXoQPAw0BKSqWfoYCT/ThFrdEVWoI51dBuyCoiNU9bZDZxQ==

vuetify@^2.3.9:
  version "2.3.9"
  resolved "https://registry.yarnpkg.com/vuetify/-/vuetify-2.3.9.tgz#6dcd1de647e1ce2c7cfaebb7068a0cf8929360b3"
  integrity sha512-E5K9flTvS21tCkHgqDBMl0BY/Rld4SLUaJpQ+sQdL8/2uPcWmWLrdumn4SI8LBFojE0UP1GSaH4zKuxLL36fYg==

vuex@^3.5.1:
  version "3.5.1"
  resolved "https://registry.yarnpkg.com/vuex/-/vuex-3.5.1.tgz#f1b8dcea649bc25254cf4f4358081dbf5da18b3d"
  integrity sha512-w7oJzmHQs0FM9LXodfskhw9wgKBiaB+totOdb8sNzbTB2KDCEEwEs29NzBZFh/lmEK1t5tDmM1vtsO7ubG1DFw==
